
Microsoft Visual Studio Solution File, Format Version 12.00
# Visual Studio Version 17
VisualStudioVersion = 17.8.34316.72
MinimumVisualStudioVersion = 10.0.40219.1
Project("{FAE04EC0-301F-11D3-BF4B-00C04F79EFBC}") = "Test", "Test.csproj", "{C5EA79C4-22EA-47FE-A960-44FD41878602}"
EndProject
Global
	GlobalSection(SolutionConfigurationPlatforms) = preSolution
		Debug|Any CPU = Debug|Any CPU
		Release|Any CPU = Release|Any CPU
	EndGlobalSection
	GlobalSection(ProjectConfigurationPlatforms) = postSolution
		{C5EA79C4-22EA-47FE-A960-44FD41878602}.Debug|Any CPU.ActiveCfg = Debug|Any CPU
		{C5EA79C4-22EA-47FE-A960-44FD41878602}.Debug|Any CPU.Build.0 = Debug|Any CPU
		{C5EA79C4-22EA-47FE-A960-44FD41878602}.Release|Any CPU.ActiveCfg = Release|Any CPU
		{C5EA79C4-22EA-47FE-A960-44FD41878602}.Release|Any CPU.Build.0 = Release|Any CPU
	EndGlobalSection
	GlobalSection(SolutionProperties) = preSolution
		HideSolutionNode = FALSE
	EndGlobalSection
	GlobalSection(ExtensibilityGlobals) = postSolution
		SolutionGuid = {C117199D-0476-495B-86E0-FA5A73985951}
	EndGlobalSection
EndGlobal
